// !$*UTF8*$!
{
	archiveVersion = 1;
	classes = {
	};
	objectVersion = 56;
	objects = {

/* Begin PBXBuildFile section */
		9B0BCB9A2A30F5F200248BB2 /* HomeViewController.swift in Sources */ = {isa = PBXBuildFile; fileRef = 9B0BCB992A30F5F200248BB2 /* HomeViewController.swift */; };
		9B0BCBA62A314C3A00248BB2 /* GrammarQuestionsViewController.swift in Sources */ = {isa = PBXBuildFile; fileRef = 9B0BCBA52A314C3A00248BB2 /* GrammarQuestionsViewController.swift */; };
		9B0BCBAA2A314F9B00248BB2 /* GrammarQuizBrain.swift in Sources */ = {isa = PBXBuildFile; fileRef = 9B0BCBA92A314F9B00248BB2 /* GrammarQuizBrain.swift */; };
		9B3ECE902A38FAD80014D9FE /* VocabQuesionViewController.swift in Sources */ = {isa = PBXBuildFile; fileRef = 9B3ECE8F2A38FAD80014D9FE /* VocabQuesionViewController.swift */; };
		9B3ECE942A38FCB80014D9FE /* VocabularyQuizBrain.swift in Sources */ = {isa = PBXBuildFile; fileRef = 9B3ECE932A38FCB80014D9FE /* VocabularyQuizBrain.swift */; };
		9B4B32B52A2D22AC005FEDD4 /* AppDelegate.swift in Sources */ = {isa = PBXBuildFile; fileRef = 9B4B32B42A2D22AC005FEDD4 /* AppDelegate.swift */; };
		9B4B32B72A2D22AC005FEDD4 /* SceneDelegate.swift in Sources */ = {isa = PBXBuildFile; fileRef = 9B4B32B62A2D22AC005FEDD4 /* SceneDelegate.swift */; };
		9B4B32BC2A2D22AC005FEDD4 /* Main.storyboard in Resources */ = {isa = PBXBuildFile; fileRef = 9B4B32BA2A2D22AC005FEDD4 /* Main.storyboard */; };
		9B4B32C12A2D22AF005FEDD4 /* LaunchScreen.storyboard in Resources */ = {isa = PBXBuildFile; fileRef = 9B4B32BF2A2D22AF005FEDD4 /* LaunchScreen.storyboard */; };
		9B4B32CD2A2D5338005FEDD4 /* OnboardingViewController.swift in Sources */ = {isa = PBXBuildFile; fileRef = 9B4B32CC2A2D5338005FEDD4 /* OnboardingViewController.swift */; };
		9B4B32CF2A2D5716005FEDD4 /* OnboardingSlide.swift in Sources */ = {isa = PBXBuildFile; fileRef = 9B4B32CE2A2D5716005FEDD4 /* OnboardingSlide.swift */; };
		9B4B32D12A2D5AB7005FEDD4 /* OnboardingCollectionViewCell.swift in Sources */ = {isa = PBXBuildFile; fileRef = 9B4B32D02A2D5AB7005FEDD4 /* OnboardingCollectionViewCell.swift */; };
		9B4B32D42A2D660E005FEDD4 /* UIView+Extension.swift in Sources */ = {isa = PBXBuildFile; fileRef = 9B4B32D32A2D660D005FEDD4 /* UIView+Extension.swift */; };
		9B51B42E2A43AAC300076E6E /* ContactUsViewController.swift in Sources */ = {isa = PBXBuildFile; fileRef = 9B51B42D2A43AAC300076E6E /* ContactUsViewController.swift */; };
		9B51B4302A43AC3400076E6E /* PrivacyPolicyViewController.swift in Sources */ = {isa = PBXBuildFile; fileRef = 9B51B42F2A43AC3400076E6E /* PrivacyPolicyViewController.swift */; };
		9B5652762A3FE24100C6D731 /* CommunicationQuestionViewController.swift in Sources */ = {isa = PBXBuildFile; fileRef = 9B5652752A3FE24100C6D731 /* CommunicationQuestionViewController.swift */; };
		9B5652782A3FE45300C6D731 /* CommunicationQuizBrain.swift in Sources */ = {isa = PBXBuildFile; fileRef = 9B5652772A3FE45300C6D731 /* CommunicationQuizBrain.swift */; };
		9B56527A2A3FE6C500C6D731 /* communication.json in Resources */ = {isa = PBXBuildFile; fileRef = 9B5652792A3FE6C500C6D731 /* communication.json */; };
		9B8DA1362A4359CB00FAD171 /* AboutUsViewController.swift in Sources */ = {isa = PBXBuildFile; fileRef = 9B8DA1352A4359CB00FAD171 /* AboutUsViewController.swift */; };
		9BC266A02A4131FA00613E8D /* Images.xcassets in Resources */ = {isa = PBXBuildFile; fileRef = 9BC2669F2A4131FA00613E8D /* Images.xcassets */; };
		9BD5A0F12A3F6FC200FAC466 /* vocabulary.json in Resources */ = {isa = PBXBuildFile; fileRef = 9BD5A0F02A3F6FC200FAC466 /* vocabulary.json */; };
		9BE621FC2A3FA979004DE7AC /* grammar.json in Resources */ = {isa = PBXBuildFile; fileRef = 9BE621FB2A3FA979004DE7AC /* grammar.json */; };
/* End PBXBuildFile section */

/* Begin PBXFileReference section */
		9B0BCB992A30F5F200248BB2 /* HomeViewController.swift */ = {isa = PBXFileReference; lastKnownFileType = sourcecode.swift; path = HomeViewController.swift; sourceTree = "<group>"; };
		9B0BCBA52A314C3A00248BB2 /* GrammarQuestionsViewController.swift */ = {isa = PBXFileReference; lastKnownFileType = sourcecode.swift; path = GrammarQuestionsViewController.swift; sourceTree = "<group>"; };
		9B0BCBA92A314F9B00248BB2 /* GrammarQuizBrain.swift */ = {isa = PBXFileReference; lastKnownFileType = sourcecode.swift; path = GrammarQuizBrain.swift; sourceTree = "<group>"; };
		9B3ECE8F2A38FAD80014D9FE /* VocabQuesionViewController.swift */ = {isa = PBXFileReference; lastKnownFileType = sourcecode.swift; path = VocabQuesionViewController.swift; sourceTree = "<group>"; };
		9B3ECE932A38FCB80014D9FE /* VocabularyQuizBrain.swift */ = {isa = PBXFileReference; lastKnownFileType = sourcecode.swift; path = VocabularyQuizBrain.swift; sourceTree = "<group>"; };
		9B4B32B12A2D22AC005FEDD4 /* Amoozesh.app */ = {isa = PBXFileReference; explicitFileType = wrapper.application; includeInIndex = 0; path = Amoozesh.app; sourceTree = BUILT_PRODUCTS_DIR; };
		9B4B32B42A2D22AC005FEDD4 /* AppDelegate.swift */ = {isa = PBXFileReference; lastKnownFileType = sourcecode.swift; path = AppDelegate.swift; sourceTree = "<group>"; };
		9B4B32B62A2D22AC005FEDD4 /* SceneDelegate.swift */ = {isa = PBXFileReference; lastKnownFileType = sourcecode.swift; path = SceneDelegate.swift; sourceTree = "<group>"; };
		9B4B32BB2A2D22AC005FEDD4 /* Base */ = {isa = PBXFileReference; lastKnownFileType = file.storyboard; name = Base; path = Base.lproj/Main.storyboard; sourceTree = "<group>"; };
		9B4B32C02A2D22AF005FEDD4 /* Base */ = {isa = PBXFileReference; lastKnownFileType = file.storyboard; name = Base; path = Base.lproj/LaunchScreen.storyboard; sourceTree = "<group>"; };
		9B4B32C22A2D22AF005FEDD4 /* Info.plist */ = {isa = PBXFileReference; lastKnownFileType = text.plist.xml; path = Info.plist; sourceTree = "<group>"; };
		9B4B32CC2A2D5338005FEDD4 /* OnboardingViewController.swift */ = {isa = PBXFileReference; lastKnownFileType = sourcecode.swift; path = OnboardingViewController.swift; sourceTree = "<group>"; };
		9B4B32CE2A2D5716005FEDD4 /* OnboardingSlide.swift */ = {isa = PBXFileReference; lastKnownFileType = sourcecode.swift; path = OnboardingSlide.swift; sourceTree = "<group>"; };
		9B4B32D02A2D5AB7005FEDD4 /* OnboardingCollectionViewCell.swift */ = {isa = PBXFileReference; lastKnownFileType = sourcecode.swift; name = OnboardingCollectionViewCell.swift; path = Amoozesh/Models/OnboardingCollectionViewCell.swift; sourceTree = SOURCE_ROOT; };
		9B4B32D32A2D660D005FEDD4 /* UIView+Extension.swift */ = {isa = PBXFileReference; lastKnownFileType = sourcecode.swift; path = "UIView+Extension.swift"; sourceTree = "<group>"; };
		9B51B42D2A43AAC300076E6E /* ContactUsViewController.swift */ = {isa = PBXFileReference; lastKnownFileType = sourcecode.swift; path = ContactUsViewController.swift; sourceTree = "<group>"; };
		9B51B42F2A43AC3400076E6E /* PrivacyPolicyViewController.swift */ = {isa = PBXFileReference; lastKnownFileType = sourcecode.swift; path = PrivacyPolicyViewController.swift; sourceTree = "<group>"; };
		9B5652752A3FE24100C6D731 /* CommunicationQuestionViewController.swift */ = {isa = PBXFileReference; lastKnownFileType = sourcecode.swift; path = CommunicationQuestionViewController.swift; sourceTree = "<group>"; };
		9B5652772A3FE45300C6D731 /* CommunicationQuizBrain.swift */ = {isa = PBXFileReference; lastKnownFileType = sourcecode.swift; path = CommunicationQuizBrain.swift; sourceTree = "<group>"; };
		9B5652792A3FE6C500C6D731 /* communication.json */ = {isa = PBXFileReference; explicitFileType = text.json; fileEncoding = 4; path = communication.json; sourceTree = "<group>"; };
		9B8DA1352A4359CB00FAD171 /* AboutUsViewController.swift */ = {isa = PBXFileReference; lastKnownFileType = sourcecode.swift; path = AboutUsViewController.swift; sourceTree = "<group>"; };
		9BC2669F2A4131FA00613E8D /* Images.xcassets */ = {isa = PBXFileReference; lastKnownFileType = folder.assetcatalog; path = Images.xcassets; sourceTree = "<group>"; };
		9BD5A0F02A3F6FC200FAC466 /* vocabulary.json */ = {isa = PBXFileReference; explicitFileType = text.json; fileEncoding = 4; path = vocabulary.json; sourceTree = "<group>"; };
		9BE621FB2A3FA979004DE7AC /* grammar.json */ = {isa = PBXFileReference; explicitFileType = text.json; fileEncoding = 4; path = grammar.json; sourceTree = "<group>"; };
/* End PBXFileReference section */

/* Begin PBXFrameworksBuildPhase section */
		9B4B32AE2A2D22AC005FEDD4 /* Frameworks */ = {
			isa = PBXFrameworksBuildPhase;
			buildActionMask = 2147483647;
			files = (
			);
			runOnlyForDeploymentPostprocessing = 0;
		};
/* End PBXFrameworksBuildPhase section */

/* Begin PBXGroup section */
		9B0BCB982A30F5D500248BB2 /* Home */ = {
			isa = PBXGroup;
			children = (
				9B0BCB992A30F5F200248BB2 /* HomeViewController.swift */,
			);
			path = Home;
			sourceTree = "<group>";
		};
		9B0BCBAD2A3150AA00248BB2 /* Grammar */ = {
			isa = PBXGroup;
			children = (
				9B0BCBA92A314F9B00248BB2 /* GrammarQuizBrain.swift */,
				9B0BCBA52A314C3A00248BB2 /* GrammarQuestionsViewController.swift */,
				9BE621FB2A3FA979004DE7AC /* grammar.json */,
			);
			path = Grammar;
			sourceTree = "<group>";
		};
		9B3ECE8C2A38FA190014D9FE /* Vocabulary */ = {
			isa = PBXGroup;
			children = (
				9B3ECE8F2A38FAD80014D9FE /* VocabQuesionViewController.swift */,
				9B3ECE932A38FCB80014D9FE /* VocabularyQuizBrain.swift */,
				9BD5A0F02A3F6FC200FAC466 /* vocabulary.json */,
			);
			path = Vocabulary;
			sourceTree = "<group>";
		};
		9B4B32A82A2D22AC005FEDD4 = {
			isa = PBXGroup;
			children = (
				9B4B32B32A2D22AC005FEDD4 /* Amoozesh */,
				9B4B32B22A2D22AC005FEDD4 /* Products */,
			);
			sourceTree = "<group>";
		};
		9B4B32B22A2D22AC005FEDD4 /* Products */ = {
			isa = PBXGroup;
			children = (
				9B4B32B12A2D22AC005FEDD4 /* Amoozesh.app */,
			);
			name = Products;
			sourceTree = "<group>";
		};
		9B4B32B32A2D22AC005FEDD4 /* Amoozesh */ = {
			isa = PBXGroup;
			children = (
				9B4B32D22A2D65D7005FEDD4 /* Extension */,
				9B4B32C92A2D5254005FEDD4 /* Views */,
				9B4B32C82A2D5238005FEDD4 /* Models */,
				9B4B32B42A2D22AC005FEDD4 /* AppDelegate.swift */,
				9B4B32B62A2D22AC005FEDD4 /* SceneDelegate.swift */,
				9B4B32BA2A2D22AC005FEDD4 /* Main.storyboard */,
				9BC2669F2A4131FA00613E8D /* Images.xcassets */,
				9B4B32BF2A2D22AF005FEDD4 /* LaunchScreen.storyboard */,
				9B4B32C22A2D22AF005FEDD4 /* Info.plist */,
			);
			path = Amoozesh;
			sourceTree = "<group>";
		};
		9B4B32C82A2D5238005FEDD4 /* Models */ = {
			isa = PBXGroup;
			children = (
				9B5652742A3FE21200C6D731 /* Communication */,
				9B3ECE8C2A38FA190014D9FE /* Vocabulary */,
				9B0BCBAD2A3150AA00248BB2 /* Grammar */,
			);
			path = Models;
			sourceTree = "<group>";
		};
		9B4B32C92A2D5254005FEDD4 /* Views */ = {
			isa = PBXGroup;
			children = (
				9B8DA1342A43595100FAD171 /* Setting */,
				9B0BCB982A30F5D500248BB2 /* Home */,
				9B4B32CB2A2D5301005FEDD4 /* Onboarding  */,
			);
			path = Views;
			sourceTree = "<group>";
		};
		9B4B32CB2A2D5301005FEDD4 /* Onboarding  */ = {
			isa = PBXGroup;
			children = (
				9B4B32D02A2D5AB7005FEDD4 /* OnboardingCollectionViewCell.swift */,
				9B4B32CC2A2D5338005FEDD4 /* OnboardingViewController.swift */,
				9B4B32CE2A2D5716005FEDD4 /* OnboardingSlide.swift */,
			);
			path = "Onboarding ";
			sourceTree = "<group>";
		};
		9B4B32D22A2D65D7005FEDD4 /* Extension */ = {
			isa = PBXGroup;
			children = (
				9B4B32D32A2D660D005FEDD4 /* UIView+Extension.swift */,
			);
			path = Extension;
			sourceTree = "<group>";
		};
		9B5652742A3FE21200C6D731 /* Communication */ = {
			isa = PBXGroup;
			children = (
				9B5652752A3FE24100C6D731 /* CommunicationQuestionViewController.swift */,
				9B5652772A3FE45300C6D731 /* CommunicationQuizBrain.swift */,
				9B5652792A3FE6C500C6D731 /* communication.json */,
			);
			path = Communication;
			sourceTree = "<group>";
		};
		9B8DA1342A43595100FAD171 /* Setting */ = {
			isa = PBXGroup;
			children = (
				9B8DA1352A4359CB00FAD171 /* AboutUsViewController.swift */,
				9B51B42D2A43AAC300076E6E /* ContactUsViewController.swift */,
				9B51B42F2A43AC3400076E6E /* PrivacyPolicyViewController.swift */,
			);
			path = Setting;
			sourceTree = "<group>";
		};
/* End PBXGroup section */

/* Begin PBXNativeTarget section */
		9B4B32B02A2D22AC005FEDD4 /* Amoozesh */ = {
			isa = PBXNativeTarget;
			buildConfigurationList = 9B4B32C52A2D22AF005FEDD4 /* Build configuration list for PBXNativeTarget "Amoozesh" */;
			buildPhases = (
				9B4B32AD2A2D22AC005FEDD4 /* Sources */,
				9B4B32AE2A2D22AC005FEDD4 /* Frameworks */,
				9B4B32AF2A2D22AC005FEDD4 /* Resources */,
			);
			buildRules = (
			);
			dependencies = (
			);
			name = Amoozesh;
			productName = ILearn;
			productReference = 9B4B32B12A2D22AC005FEDD4 /* Amoozesh.app */;
			productType = "com.apple.product-type.application";
		};
/* End PBXNativeTarget section */

/* Begin PBXProject section */
		9B4B32A92A2D22AC005FEDD4 /* Project object */ = {
			isa = PBXProject;
			attributes = {
				BuildIndependentTargetsInParallel = 1;
				LastSwiftUpdateCheck = 1430;
				LastUpgradeCheck = 1430;
				TargetAttributes = {
					9B4B32B02A2D22AC005FEDD4 = {
						CreatedOnToolsVersion = 14.3.1;
					};
				};
			};
			buildConfigurationList = 9B4B32AC2A2D22AC005FEDD4 /* Build configuration list for PBXProject "Amoozesh" */;
			compatibilityVersion = "Xcode 14.0";
			developmentRegion = en;
			hasScannedForEncodings = 0;
			knownRegions = (
				en,
				Base,
			);
			mainGroup = 9B4B32A82A2D22AC005FEDD4;
			productRefGroup = 9B4B32B22A2D22AC005FEDD4 /* Products */;
			projectDirPath = "";
			projectRoot = "";
			targets = (
				9B4B32B02A2D22AC005FEDD4 /* Amoozesh */,
			);
		};
/* End PBXProject section */

/* Begin PBXResourcesBuildPhase section */
		9B4B32AF2A2D22AC005FEDD4 /* Resources */ = {
			isa = PBXResourcesBuildPhase;
			buildActionMask = 2147483647;
			files = (
				9B56527A2A3FE6C500C6D731 /* communication.json in Resources */,
				9BE621FC2A3FA979004DE7AC /* grammar.json in Resources */,
				9B4B32C12A2D22AF005FEDD4 /* LaunchScreen.storyboard in Resources */,
				9BC266A02A4131FA00613E8D /* Images.xcassets in Resources */,
				9B4B32BC2A2D22AC005FEDD4 /* Main.storyboard in Resources */,
				9BD5A0F12A3F6FC200FAC466 /* vocabulary.json in Resources */,
			);
			runOnlyForDeploymentPostprocessing = 0;
		};
/* End PBXResourcesBuildPhase section */

/* Begin PBXSourcesBuildPhase section */
		9B4B32AD2A2D22AC005FEDD4 /* Sources */ = {
			isa = PBXSourcesBuildPhase;
			buildActionMask = 2147483647;
			files = (
				9B3ECE902A38FAD80014D9FE /* VocabQuesionViewController.swift in Sources */,
				9B3ECE942A38FCB80014D9FE /* VocabularyQuizBrain.swift in Sources */,
				9B4B32D42A2D660E005FEDD4 /* UIView+Extension.swift in Sources */,
				9B4B32B52A2D22AC005FEDD4 /* AppDelegate.swift in Sources */,
				9B0BCB9A2A30F5F200248BB2 /* HomeViewController.swift in Sources */,
				9B51B4302A43AC3400076E6E /* PrivacyPolicyViewController.swift in Sources */,
				9B0BCBA62A314C3A00248BB2 /* GrammarQuestionsViewController.swift in Sources */,
				9B4B32B72A2D22AC005FEDD4 /* SceneDelegate.swift in Sources */,
				9B0BCBAA2A314F9B00248BB2 /* GrammarQuizBrain.swift in Sources */,
				9B4B32CF2A2D5716005FEDD4 /* OnboardingSlide.swift in Sources */,
				9B8DA1362A4359CB00FAD171 /* AboutUsViewController.swift in Sources */,
				9B51B42E2A43AAC300076E6E /* ContactUsViewController.swift in Sources */,
				9B5652762A3FE24100C6D731 /* CommunicationQuestionViewController.swift in Sources */,
				9B5652782A3FE45300C6D731 /* CommunicationQuizBrain.swift in Sources */,
				9B4B32CD2A2D5338005FEDD4 /* OnboardingViewController.swift in Sources */,
				9B4B32D12A2D5AB7005FEDD4 /* OnboardingCollectionViewCell.swift in Sources */,
			);
			runOnlyForDeploymentPostprocessing = 0;
		};
/* End PBXSourcesBuildPhase section */

/* Begin PBXVariantGroup section */
		9B4B32BA2A2D22AC005FEDD4 /* Main.storyboard */ = {
			isa = PBXVariantGroup;
			children = (
				9B4B32BB2A2D22AC005FEDD4 /* Base */,
			);
			name = Main.storyboard;
			sourceTree = "<group>";
		};
		9B4B32BF2A2D22AF005FEDD4 /* LaunchScreen.storyboard */ = {
			isa = PBXVariantGroup;
			children = (
				9B4B32C02A2D22AF005FEDD4 /* Base */,
			);
			name = LaunchScreen.storyboard;
			sourceTree = "<group>";
		};
/* End PBXVariantGroup section */

/* Begin XCBuildConfiguration section */
		9B4B32C32A2D22AF005FEDD4 /* Debug */ = {
			isa = XCBuildConfiguration;
			buildSettings = {
				ALWAYS_SEARCH_USER_PATHS = NO;
				CLANG_ANALYZER_NONNULL = YES;
				CLANG_ANALYZER_NUMBER_OBJECT_CONVERSION = YES_AGGRESSIVE;
				CLANG_CXX_LANGUAGE_STANDARD = "gnu++20";
				CLANG_ENABLE_MODULES = YES;
				CLANG_ENABLE_OBJC_ARC = YES;
				CLANG_ENABLE_OBJC_WEAK = YES;
				CLANG_WARN_BLOCK_CAPTURE_AUTORELEASING = YES;
				CLANG_WARN_BOOL_CONVERSION = YES;
				CLANG_WARN_COMMA = YES;
				CLANG_WARN_CONSTANT_CONVERSION = YES;
				CLANG_WARN_DEPRECATED_OBJC_IMPLEMENTATIONS = YES;
				CLANG_WARN_DIRECT_OBJC_ISA_USAGE = YES_ERROR;
				CLANG_WARN_DOCUMENTATION_COMMENTS = YES;
				CLANG_WARN_EMPTY_BODY = YES;
				CLANG_WARN_ENUM_CONVERSION = YES;
				CLANG_WARN_INFINITE_RECURSION = YES;
				CLANG_WARN_INT_CONVERSION = YES;
				CLANG_WARN_NON_LITERAL_NULL_CONVERSION = YES;
				CLANG_WARN_OBJC_IMPLICIT_RETAIN_SELF = YES;
				CLANG_WARN_OBJC_LITERAL_CONVERSION = YES;
				CLANG_WARN_OBJC_ROOT_CLASS = YES_ERROR;
				CLANG_WARN_QUOTED_INCLUDE_IN_FRAMEWORK_HEADER = YES;
				CLANG_WARN_RANGE_LOOP_ANALYSIS = YES;
				CLANG_WARN_STRICT_PROTOTYPES = YES;
				CLANG_WARN_SUSPICIOUS_MOVE = YES;
				CLANG_WARN_UNGUARDED_AVAILABILITY = YES_AGGRESSIVE;
				CLANG_WARN_UNREACHABLE_CODE = YES;
				CLANG_WARN__DUPLICATE_METHOD_MATCH = YES;
				COPY_PHASE_STRIP = NO;
				DEBUG_INFORMATION_FORMAT = dwarf;
				ENABLE_STRICT_OBJC_MSGSEND = YES;
				ENABLE_TESTABILITY = YES;
				GCC_C_LANGUAGE_STANDARD = gnu11;
				GCC_DYNAMIC_NO_PIC = NO;
				GCC_NO_COMMON_BLOCKS = YES;
				GCC_OPTIMIZATION_LEVEL = 0;
				GCC_PREPROCESSOR_DEFINITIONS = (
					"DEBUG=1",
					"$(inherited)",
				);
				GCC_WARN_64_TO_32_BIT_CONVERSION = YES;
				GCC_WARN_ABOUT_RETURN_TYPE = YES_ERROR;
				GCC_WARN_UNDECLARED_SELECTOR = YES;
				GCC_WARN_UNINITIALIZED_AUTOS = YES_AGGRESSIVE;
				GCC_WARN_UNUSED_FUNCTION = YES;
				GCC_WARN_UNUSED_VARIABLE = YES;
				IPHONEOS_DEPLOYMENT_TARGET = 16.4;
				MTL_ENABLE_DEBUG_INFO = INCLUDE_SOURCE;
				MTL_FAST_MATH = YES;
				ONLY_ACTIVE_ARCH = YES;
				SDKROOT = iphoneos;
				SWIFT_ACTIVE_COMPILATION_CONDITIONS = DEBUG;
				SWIFT_OPTIMIZATION_LEVEL = "-Onone";
			};
			name = Debug;
		};
		9B4B32C42A2D22AF005FEDD4 /* Release */ = {
			isa = XCBuildConfiguration;
			buildSettings = {
				ALWAYS_SEARCH_USER_PATHS = NO;
				CLANG_ANALYZER_NONNULL = YES;
				CLANG_ANALYZER_NUMBER_OBJECT_CONVERSION = YES_AGGRESSIVE;
				CLANG_CXX_LANGUAGE_STANDARD = "gnu++20";
				CLANG_ENABLE_MODULES = YES;
				CLANG_ENABLE_OBJC_ARC = YES;
				CLANG_ENABLE_OBJC_WEAK = YES;
				CLANG_WARN_BLOCK_CAPTURE_AUTORELEASING = YES;
				CLANG_WARN_BOOL_CONVERSION = YES;
				CLANG_WARN_COMMA = YES;
				CLANG_WARN_CONSTANT_CONVERSION = YES;
				CLANG_WARN_DEPRECATED_OBJC_IMPLEMENTATIONS = YES;
				CLANG_WARN_DIRECT_OBJC_ISA_USAGE = YES_ERROR;
				CLANG_WARN_DOCUMENTATION_COMMENTS = YES;
				CLANG_WARN_EMPTY_BODY = YES;
				CLANG_WARN_ENUM_CONVERSION = YES;
				CLANG_WARN_INFINITE_RECURSION = YES;
				CLANG_WARN_INT_CONVERSION = YES;
				CLANG_WARN_NON_LITERAL_NULL_CONVERSION = YES;
				CLANG_WARN_OBJC_IMPLICIT_RETAIN_SELF = YES;
				CLANG_WARN_OBJC_LITERAL_CONVERSION = YES;
				CLANG_WARN_OBJC_ROOT_CLASS = YES_ERROR;
				CLANG_WARN_QUOTED_INCLUDE_IN_FRAMEWORK_HEADER = YES;
				CLANG_WARN_RANGE_LOOP_ANALYSIS = YES;
				CLANG_WARN_STRICT_PROTOTYPES = YES;
				CLANG_WARN_SUSPICIOUS_MOVE = YES;
				CLANG_WARN_UNGUARDED_AVAILABILITY = YES_AGGRESSIVE;
				CLANG_WARN_UNREACHABLE_CODE = YES;
				CLANG_WARN__DUPLICATE_METHOD_MATCH = YES;
				COPY_PHASE_STRIP = NO;
				DEBUG_INFORMATION_FORMAT = "dwarf-with-dsym";
				ENABLE_NS_ASSERTIONS = NO;
				ENABLE_STRICT_OBJC_MSGSEND = YES;
				GCC_C_LANGUAGE_STANDARD = gnu11;
				GCC_NO_COMMON_BLOCKS = YES;
				GCC_WARN_64_TO_32_BIT_CONVERSION = YES;
				GCC_WARN_ABOUT_RETURN_TYPE = YES_ERROR;
				GCC_WARN_UNDECLARED_SELECTOR = YES;
				GCC_WARN_UNINITIALIZED_AUTOS = YES_AGGRESSIVE;
				GCC_WARN_UNUSED_FUNCTION = YES;
				GCC_WARN_UNUSED_VARIABLE = YES;
				IPHONEOS_DEPLOYMENT_TARGET = 16.4;
				MTL_ENABLE_DEBUG_INFO = NO;
				MTL_FAST_MATH = YES;
				SDKROOT = iphoneos;
				SWIFT_COMPILATION_MODE = wholemodule;
				SWIFT_OPTIMIZATION_LEVEL = "-O";
				VALIDATE_PRODUCT = YES;
			};
			name = Release;
		};
		9B4B32C62A2D22AF005FEDD4 /* Debug */ = {
			isa = XCBuildConfiguration;
			buildSettings = {
				ASSETCATALOG_COMPILER_APPICON_NAME = AppIcon;
				ASSETCATALOG_COMPILER_GLOBAL_ACCENT_COLOR_NAME = AccentColor;
				CODE_SIGN_IDENTITY = "Apple Development";
				CODE_SIGN_STYLE = Automatic;
				CURRENT_PROJECT_VERSION = 1;
				DEVELOPMENT_TEAM = RG8GY3LPG3;
				GENERATE_INFOPLIST_FILE = YES;
				INFOPLIST_FILE = Amoozesh/Info.plist;
				INFOPLIST_KEY_UIApplicationSupportsIndirectInputEvents = YES;
				INFOPLIST_KEY_UILaunchStoryboardName = LaunchScreen;
				INFOPLIST_KEY_UIMainStoryboardFile = Main;
				INFOPLIST_KEY_UIRequiresFullScreen = YES;
				INFOPLIST_KEY_UIStatusBarStyle = "";
				INFOPLIST_KEY_UISupportedInterfaceOrientations = UIInterfaceOrientationPortrait;
				LD_RUNPATH_SEARCH_PATHS = (
					"$(inherited)",
					"@executable_path/Frameworks",
				);
				MARKETING_VERSION = 1.0;
				PRODUCT_BUNDLE_IDENTIFIER = com.codewithmaryam.Amoozesh;
				PRODUCT_NAME = "$(TARGET_NAME)";
				PROVISIONING_PROFILE_SPECIFIER = "";
				SWIFT_EMIT_LOC_STRINGS = YES;
				SWIFT_VERSION = 5.0;
				TARGETED_DEVICE_FAMILY = 1;
			};
			name = Debug;
		};
		9B4B32C72A2D22AF005FEDD4 /* Release */ = {
			isa = XCBuildConfiguration;
			buildSettings = {
				ASSETCATALOG_COMPILER_APPICON_NAME = AppIcon;
				ASSETCATALOG_COMPILER_GLOBAL_ACCENT_COLOR_NAME = AccentColor;
				CODE_SIGN_IDENTITY = "Apple Development";
				CODE_SIGN_STYLE = Automatic;
				CURRENT_PROJECT_VERSION = 1;
				DEVELOPMENT_TEAM = RG8GY3LPG3;
				GENERATE_INFOPLIST_FILE = YES;
				INFOPLIST_FILE = Amoozesh/Info.plist;
				INFOPLIST_KEY_UIApplicationSupportsIndirectInputEvents = YES;
				INFOPLIST_KEY_UILaunchStoryboardName = LaunchScreen;
				INFOPLIST_KEY_UIMainStoryboardFile = Main;
				INFOPLIST_KEY_UIRequiresFullScreen = YES;
				INFOPLIST_KEY_UIStatusBarStyle = "";
				INFOPLIST_KEY_UISupportedInterfaceOrientations = UIInterfaceOrientationPortrait;
				LD_RUNPATH_SEARCH_PATHS = (
					"$(inherited)",
					"@executable_path/Frameworks",
				);
				MARKETING_VERSION = 1.0;
				PRODUCT_BUNDLE_IDENTIFIER = com.codewithmaryam.Amoozesh;
				PRODUCT_NAME = "$(TARGET_NAME)";
				PROVISIONING_PROFILE_SPECIFIER = "";
				SWIFT_EMIT_LOC_STRINGS = YES;
				SWIFT_VERSION = 5.0;
				TARGETED_DEVICE_FAMILY = 1;
			};
			name = Release;
		};
/* End XCBuildConfiguration section */

/* Begin XCConfigurationList section */
		9B4B32AC2A2D22AC005FEDD4 /* Build configuration list for PBXProject "Amoozesh" */ = {
			isa = XCConfigurationList;
			buildConfigurations = (
				9B4B32C32A2D22AF005FEDD4 /* Debug */,
				9B4B32C42A2D22AF005FEDD4 /* Release */,
			);
			defaultConfigurationIsVisible = 0;
			defaultConfigurationName = Release;
		};
		9B4B32C52A2D22AF005FEDD4 /* Build configuration list for PBXNativeTarget "Amoozesh" */ = {
			isa = XCConfigurationList;
			buildConfigurations = (
				9B4B32C62A2D22AF005FEDD4 /* Debug */,
				9B4B32C72A2D22AF005FEDD4 /* Release */,
			);
			defaultConfigurationIsVisible = 0;
			defaultConfigurationName = Release;
		};
/* End XCConfigurationList section */
	};
	rootObject = 9B4B32A92A2D22AC005FEDD4 /* Project object */;
}
